
Microsoft Visual Studio Solution File, Format Version 12.00
# Visual Studio Version 17
VisualStudioVersion = 17.14.36408.4 d17.14
MinimumVisualStudioVersion = 10.0.40219.1
Project("{FAE04EC0-301F-11D3-BF4B-00C04F79EFBC}") = "DataWhisperIngest", "DataWhisperIngest.csproj", "{704B82CE-6C45-02A4-C3B0-447F0FFB4797}"
EndProject
Global
	GlobalSection(SolutionConfigurationPlatforms) = preSolution
		Debug|Any CPU = Debug|Any CPU
		Release|Any CPU = Release|Any CPU
	EndGlobalSection
	GlobalSection(ProjectConfigurationPlatforms) = postSolution
		{704B82CE-6C45-02A4-C3B0-447F0FFB4797}.Debug|Any CPU.ActiveCfg = Debug|Any CPU
		{704B82CE-6C45-02A4-C3B0-447F0FFB4797}.Debug|Any CPU.Build.0 = Debug|Any CPU
		{704B82CE-6C45-02A4-C3B0-447F0FFB4797}.Release|Any CPU.ActiveCfg = Release|Any CPU
		{704B82CE-6C45-02A4-C3B0-447F0FFB4797}.Release|Any CPU.Build.0 = Release|Any CPU
	EndGlobalSection
	GlobalSection(SolutionProperties) = preSolution
		HideSolutionNode = FALSE
	EndGlobalSection
	GlobalSection(ExtensibilityGlobals) = postSolution
		SolutionGuid = {440D027A-6BB2-4F29-897F-3FE66EB7DB11}
	EndGlobalSection
EndGlobal
